
Microsoft Visual Studio Solution File, Format Version 12.00
# Visual Studio Version 16
VisualStudioVersion = 16.0.31424.327
MinimumVisualStudioVersion = 10.0.40219.1
Project("{FAE04EC0-301F-11D3-BF4B-00C04F79EFBC}") = "TicTacToeLib", "TicTacToeLib\TicTacToeLib.csproj", "{AC79300E-4B99-4703-A289-803FF09D17B7}"
EndProject
Project("{FAE04EC0-301F-11D3-BF4B-00C04F79EFBC}") = "TicTacToeUnitTesting", "TicTacToeUnitTesting\TicTacToeUnitTesting.csproj", "{31BA863D-955B-4BB1-9000-469539DCAC84}"
EndProject
Global
	GlobalSection(SolutionConfigurationPlatforms) = preSolution
		Debug|Any CPU = Debug|Any CPU
		Release|Any CPU = Release|Any CPU
	EndGlobalSection
	GlobalSection(ProjectConfigurationPlatforms) = postSolution
		{AC79300E-4B99-4703-A289-803FF09D17B7}.Debug|Any CPU.ActiveCfg = Debug|Any CPU
		{AC79300E-4B99-4703-A289-803FF09D17B7}.Debug|Any CPU.Build.0 = Debug|Any CPU
		{AC79300E-4B99-4703-A289-803FF09D17B7}.Release|Any CPU.ActiveCfg = Release|Any CPU
		{AC79300E-4B99-4703-A289-803FF09D17B7}.Release|Any CPU.Build.0 = Release|Any CPU
		{31BA863D-955B-4BB1-9000-469539DCAC84}.Debug|Any CPU.ActiveCfg = Debug|Any CPU
		{31BA863D-955B-4BB1-9000-469539DCAC84}.Debug|Any CPU.Build.0 = Debug|Any CPU
		{31BA863D-955B-4BB1-9000-469539DCAC84}.Release|Any CPU.ActiveCfg = Release|Any CPU
		{31BA863D-955B-4BB1-9000-469539DCAC84}.Release|Any CPU.Build.0 = Release|Any CPU
	EndGlobalSection
	GlobalSection(SolutionProperties) = preSolution
		HideSolutionNode = FALSE
	EndGlobalSection
	GlobalSection(ExtensibilityGlobals) = postSolution
		SolutionGuid = {F18DB80E-8A03-45BC-B5D2-C277554F0B36}
	EndGlobalSection
EndGlobal
